PODS:
  - Alamofire (4.4.0)
  - AVOSCloud (6.1.1)
  - AVOSCloudIM (6.1.1):
    - AVOSCloud (= 6.1.1)
    - AVOSCloudIM/_ARC (= 6.1.1)
    - AVOSCloudIM/_NOARC (= 6.1.1)
  - AVOSCloudIM/_ARC (6.1.1):
    - AVOSCloud (= 6.1.1)
    - AVOSCloudIM/_NOARC (= 6.1.1)
  - AVOSCloudIM/_NOARC (6.1.1):
    - AVOSCloud (= 6.1.1)
  - IQKeyboardManager (4.0.10)
  - Kingfisher (3.10.2)
  - MBProgressHUD (1.0.0)
  - MOBFoundation (3.0.0)
  - SMSSDK (3.0.1):
    - MOBFoundation
  - SnapKit (3.2.0)
  - SQLite.swift (0.11.3):
    - SQLite.swift/standard (= 0.11.3)
  - SQLite.swift/standard (0.11.3)

DEPENDENCIES:
  - Alamofire (from `https://github.com/Alamofire/Alamofire.git`, branch `swift4`)
  - AVOSCloudIM
  - IQKeyboardManager
  - Kingfisher (from `https://github.com/onevcat/Kingfisher.git`, branch `swift4`)
  - MBProgressHUD
  - SMSSDK
  - SnapKit (from `https://github.com/SnapKit/SnapKit.git`, branch `swift-4`)
  - SQLite.swift (from `https://github.com/stephencelis/SQLite.swift.git`, branch `swift-4`)

EXTERNAL SOURCES:
  Alamofire:
    :branch: swift4
    :git: https://github.com/Alamofire/Alamofire.git
  Kingfisher:
    :branch: swift4
    :git: https://github.com/onevcat/Kingfisher.git
  SnapKit:
    :branch: swift-4
    :git: https://github.com/SnapKit/SnapKit.git
  SQLite.swift:
    :branch: swift-4
    :git: https://github.com/stephencelis/SQLite.swift.git

CHECKOUT OPTIONS:
  Alamofire:
    :commit: 9d6d16316edfb8ece47abebe1621d05ee6b0e6ed
    :git: https://github.com/Alamofire/Alamofire.git
  Kingfisher:
    :commit: 9cb165995668555c562138404a536844befbf4be
    :git: https://github.com/onevcat/Kingfisher.git
  SnapKit:
    :commit: d31148f449abe819fd1a58d5e07e94874c7e6003
    :git: https://github.com/SnapKit/SnapKit.git
  SQLite.swift:
    :commit: 6463eb13c021cba6de2ed4e8a76a5c03301de200
    :git: https://github.com/stephencelis/SQLite.swift.git

SPEC CHECKSUMS:
  Alamofire: 4c2bf7fa03c4a626163606de0a417568c270575e
  AVOSCloud: a21318994cd97adaf9bf19cf0ac38187b3d94f00
  AVOSCloudIM: 5ac1d53078cfd81e193e1eb6a365842d96ad3009
  IQKeyboardManager: 593ee99b88381f4b9ccb22bd680f22606351bd41
  Kingfisher: d65c8e3db9bf83eb4354cc2c9444d4b1cfd38d14
  MBProgressHUD: 4890f671c94e8a0f3cf959aa731e9de2f036d71a
  MOBFoundation: e6572a62983a44fa048c4038842ade1494c10059
  SMSSDK: a811c8ea6e89393097037b7cf6493248a40e50f0
  SnapKit: c71c530b73cedd2a8b998098687001baff265086
  SQLite.swift: f5e183af7f267169a3e71cefc7c0a72e687c52a7

PODFILE CHECKSUM: 73c96ecd1e0becd346f267a88ba775e8bf9bd839

COCOAPODS: 1.2.1
